{
  "name": "@xniva/terminal-shortcuts",
  "version": "1.0.0",
  "lockfileVersion": 3,
  "requires": true,
  "packages": {
    "": {
      "name": "@xniva/terminal-shortcuts",
      "version": "1.0.0",
      "license": "MIT",
      "bin": {
        "c": "bin/clear_terminal.js",
        "cls": "bin/clear_terminal.js",
        "dc": "bin/docker_compose_up.js",
        "ni": "bin/npm_install.js",
        "ns": "bin/npm_start.js",
        "re": "bin/restart_terminal.js"
      }
    }
  }
}
